
Microsoft Visual Studio Solution File, Format Version 12.00
# Visual Studio Version 17
VisualStudioVersion = 17.3.32825.248
MinimumVisualStudioVersion = 10.0.40219.1
Project("{FAE04EC0-301F-11D3-BF4B-00C04F79EFBC}") = "vpets", "vpets\vpets.csproj", "{93887965-AFCF-456B-BD7E-7DE0D39452A2}"
EndProject
Global
	GlobalSection(SolutionConfigurationPlatforms) = preSolution
		Debug|Any CPU = Debug|Any CPU
		Release|Any CPU = Release|Any CPU
	EndGlobalSection
	GlobalSection(ProjectConfigurationPlatforms) = postSolution
		{93887965-AFCF-456B-BD7E-7DE0D39452A2}.Debug|Any CPU.ActiveCfg = Debug|Any CPU
		{93887965-AFCF-456B-BD7E-7DE0D39452A2}.Debug|Any CPU.Build.0 = Debug|Any CPU
		{93887965-AFCF-456B-BD7E-7DE0D39452A2}.Release|Any CPU.ActiveCfg = Release|Any CPU
		{93887965-AFCF-456B-BD7E-7DE0D39452A2}.Release|Any CPU.Build.0 = Release|Any CPU
	EndGlobalSection
	GlobalSection(SolutionProperties) = preSolution
		HideSolutionNode = FALSE
	EndGlobalSection
	GlobalSection(ExtensibilityGlobals) = postSolution
		SolutionGuid = {205B0E88-C4E2-4FC5-B5F5-DB15312DF693}
	EndGlobalSection
EndGlobal
